
Microsoft Visual Studio Solution File, Format Version 12.00
# Visual Studio Version 16
VisualStudioVersion = 16.0.30011.22
MinimumVisualStudioVersion = 10.0.40219.1
Project("{FAE04EC0-301F-11D3-BF4B-00C04F79EFBC}") = "MemeSharingAPI", "MemeSharingAPI\MemeSharingAPI.csproj", "{242B5169-FEB7-4394-A840-72955B257E09}"
EndProject
Project("{FAE04EC0-301F-11D3-BF4B-00C04F79EFBC}") = "MemeSharingApiUnitTests", "MemeSharingApiUnitTests\MemeSharingApiUnitTests.csproj", "{EECBC649-85FB-47F0-A812-4AB382D2E177}"
EndProject
Global
	GlobalSection(SolutionConfigurationPlatforms) = preSolution
		Debug|Any CPU = Debug|Any CPU
		Release|Any CPU = Release|Any CPU
	EndGlobalSection
	GlobalSection(ProjectConfigurationPlatforms) = postSolution
		{242B5169-FEB7-4394-A840-72955B257E09}.Debug|Any CPU.ActiveCfg = Debug|Any CPU
		{242B5169-FEB7-4394-A840-72955B257E09}.Debug|Any CPU.Build.0 = Debug|Any CPU
		{242B5169-FEB7-4394-A840-72955B257E09}.Release|Any CPU.ActiveCfg = Release|Any CPU
		{242B5169-FEB7-4394-A840-72955B257E09}.Release|Any CPU.Build.0 = Release|Any CPU
		{EECBC649-85FB-47F0-A812-4AB382D2E177}.Debug|Any CPU.ActiveCfg = Debug|Any CPU
		{EECBC649-85FB-47F0-A812-4AB382D2E177}.Debug|Any CPU.Build.0 = Debug|Any CPU
		{EECBC649-85FB-47F0-A812-4AB382D2E177}.Release|Any CPU.ActiveCfg = Release|Any CPU
		{EECBC649-85FB-47F0-A812-4AB382D2E177}.Release|Any CPU.Build.0 = Release|Any CPU
	EndGlobalSection
	GlobalSection(SolutionProperties) = preSolution
		HideSolutionNode = FALSE
	EndGlobalSection
	GlobalSection(ExtensibilityGlobals) = postSolution
		SolutionGuid = {460D68C6-873D-49DD-B55E-DEC8D70FF408}
	EndGlobalSection
EndGlobal
